{
  "name": "phodit-header",
  "version": "0.0.1",
  "lockfileVersion": 2,
  "requires": true,
  "packages": {
    "": {
      "name": "phodit-header",
      "version": "0.0.1",
      "license": "MIT",
      "devDependencies": {
        "@stencil/core": "^2.7.0"
      }
    },
    "node_modules/@stencil/core": {
      "version": "2.7.0",
      "resolved": "https://repo.huaweicloud.com/repository/npm/@stencil/core/-/core-2.7.0.tgz",
      "integrity": "sha512-5TyOQQzAkvKACRCvjOF4Uq2T527T8WJ9u+EEwtoBA88b7PFjrgI1wbEFAkYGJLghvKi/ED+arV+NiH3ZnbVKXg==",
      "dev": true,
      "license": "MIT",
      "bin": {
        "stencil": "bin/stencil"
      },
      "engines": {
        "node": ">=12.10.0",
        "npm": ">=6.0.0"
      }
    }
  },
  "dependencies": {
    "@stencil/core": {
      "version": "2.7.0",
      "resolved": "https://repo.huaweicloud.com/repository/npm/@stencil/core/-/core-2.7.0.tgz",
      "integrity": "sha512-5TyOQQzAkvKACRCvjOF4Uq2T527T8WJ9u+EEwtoBA88b7PFjrgI1wbEFAkYGJLghvKi/ED+arV+NiH3ZnbVKXg==",
      "dev": true
    }
  }
}
