{
  "name": "tree-view",
  "version": "0.1.0",
  "lockfileVersion": 1,
  "requires": true,
  "dependencies": {
    "classnames": {
      "version": "2.2.6",
      "resolved": "https://registry.npmjs.org/classnames/-/classnames-2.2.6.tgz",
      "integrity": "sha512-JR/iSQOSt+LQIWwrwEzJ9uk0xfN3mTVYMwt1Ir5mUcSN6pU+V4zQFFaJsclJbPuAUQH+yfWef6tm7l1quW3C8Q=="
    },
    "js-tokens": {
      "version": "4.0.0",
      "resolved": "https://registry.npmjs.org/js-tokens/-/js-tokens-4.0.0.tgz",
      "integrity": "sha512-RdJUflcE3cUzKiMqQgsCu06FPu9UdIJO0beYbPhHN4k6apgJtifcoCtT9bcxOpYBtpD2kCM6Sbzg4CausW/PKQ=="
    },
    "js-tree": {
      "version": "2.0.1",
      "resolved": "https://registry.npmjs.org/js-tree/-/js-tree-2.0.1.tgz",
      "integrity": "sha512-otG8ZDEQP9PW+80nyXcrsJYB0Mj6vMy673u0/oYqyOZhIBrniOnR3pyL9D0FIDzpZGCaiGbspgkBHZeJinR1PQ=="
    },
    "loose-envify": {
      "version": "1.4.0",
      "resolved": "https://registry.npmjs.org/loose-envify/-/loose-envify-1.4.0.tgz",
      "integrity": "sha512-lyuxPGr/Wfhrlem2CL/UcnUc1zcqKAImBDzukY7Y5F/yQiNdko6+fRLevlw1HgMySw7f611UIY408EtxRSoK3Q==",
      "requires": {
        "js-tokens": "4.0.0"
      }
    },
    "object-assign": {
      "version": "4.1.1",
      "resolved": "https://registry.npmjs.org/object-assign/-/object-assign-4.1.1.tgz",
      "integrity": "sha1-IQmtx5ZYh8/AXLvUQsrIv7s2CGM="
    },
    "prop-types": {
      "version": "15.6.2",
      "resolved": "https://registry.npmjs.org/prop-types/-/prop-types-15.6.2.tgz",
      "integrity": "sha512-3pboPvLiWD7dkI3qf3KbUe6hKFKa52w+AE0VCqECtf+QHAKgOL37tTaNCnuX1nAAQ4ZhyP+kYVKf8rLmJ/feDQ==",
      "requires": {
        "loose-envify": "1.4.0",
        "object-assign": "4.1.1"
      }
    },
    "react-ui-tree": {
      "version": "4.0.0",
      "resolved": "https://registry.npmjs.org/react-ui-tree/-/react-ui-tree-4.0.0.tgz",
      "integrity": "sha512-2y649h0psahtYb4NW5KK/zcwnzH0Di4a0PPzsorNyHzLGr5fXGB4MyubMcZ1BGD5nZFIATalvCeSJ/YDvIriVw==",
      "requires": {
        "classnames": "2.2.6",
        "js-tree": "2.0.1",
        "prop-types": "15.6.2"
      }
    }
  }
}
